github.com/go-chi/chi/v5 v5.2.3 h1:WQIt9uxdsAbgIYgid+BpYc+liqQZGMHRaUwp0JUcvdE=
github.com/go-chi/chi/v5 v5.2.3/go.mod h1:L2yAIGWB3H+phAw1NxKwWM+7eUH/lU8pOMm5hHcoops=
github.com/rabbitmq/amqp091-go v1.10.0 h1:STpn5XsHlHGcecLmMFCtg7mqq0RnD+zFr4uzukfVhBw=
github.com/rabbitmq/amqp091-go v1.10.0/go.mod h1:Hy4jKW5kQART1u+JkDTF9YYOQUHXqMuhrgxOEeS7G4o=
k8s.io/client-go v0.33.4 h1:TNH+CSu8EmXfitntjUPwaKVPN0AYMbc9F1bBS8/ABpw=
k8s.io/client-go v0.33.4/go.mod h1:LsA0+hBG2DPwovjd931L/AoaezMPX9CmBgyVyBZmbCY=
